// !$*UTF8*$!
{
	archiveVersion = 1;
	classes = {
	};
	objectVersion = 70;
	objects = {

/* Begin PBXBuildFile section */
		5002CBC52DD134D9002E7A53 /* CreemKit in Frameworks */ = {isa = PBXBuildFile; productRef = 5002CBC42DD134D9002E7A53 /* CreemKit */; };
		5002CBC72DD134D9002E7A53 /* CreemProxyKit in Frameworks */ = {isa = PBXBuildFile; productRef = 5002CBC62DD134D9002E7A53 /* CreemProxyKit */; };
		503466702CFEB50800B41BE4 /* MarkdownUI in Frameworks */ = {isa = PBXBuildFile; productRef = 5034666F2CFEB50800B41BE4 /* MarkdownUI */; };
		504711F32890242E005BD174 /* AuxiliaryExecute in Frameworks */ = {isa = PBXBuildFile; productRef = 504711F22890242E005BD174 /* AuxiliaryExecute */; };
		504D5F992CD0C2EA00734B56 /* AuxiliaryExecute in Frameworks */ = {isa = PBXBuildFile; productRef = 504D5F982CD0C2EA00734B56 /* AuxiliaryExecute */; };
		504D5F9C2CD0C30500734B56 /* ColorfulX in Frameworks */ = {isa = PBXBuildFile; productRef = 504D5F9B2CD0C30500734B56 /* ColorfulX */; };
		505A0DB12CFD78F1009E622B /* WindowAnimation in Frameworks */ = {isa = PBXBuildFile; productRef = 505A0DB02CFD78F1009E622B /* WindowAnimation */; };
		505A0DB42CFD7981009E622B /* ConfettiSwiftUI in Frameworks */ = {isa = PBXBuildFile; productRef = 505A0DB32CFD7981009E622B /* ConfettiSwiftUI */; };
/* End PBXBuildFile section */

/* Begin PBXContainerItemProxy section */
		508853472EEF86EE00893002 /* PBXContainerItemProxy */ = {
			isa = PBXContainerItemProxy;
			containerPortal = 504711D3289023AE005BD174 /* Project object */;
			proxyType = 1;
			remoteGlobalIDString = 504711DA289023AE005BD174;
			remoteInfo = Axchange;
		};
/* End PBXContainerItemProxy section */

/* Begin PBXFileReference section */
		504711DB289023AE005BD174 /* Axchange.app */ = {isa = PBXFileReference; explicitFileType = wrapper.application; includeInIndex = 0; path = Axchange.app; sourceTree = BUILT_PRODUCTS_DIR; };
		508853432EEF86EE00893002 /* AxchangeTests.xctest */ = {isa = PBXFileReference; explicitFileType = wrapper.cfbundle; includeInIndex = 0; path = AxchangeTests.xctest; sourceTree = BUILT_PRODUCTS_DIR; };
/* End PBXFileReference section */

/* Begin PBXFileSystemSynchronizedBuildFileExceptionSet section */
		5088533D2EEF83C100893002 /* PBXFileSystemSynchronizedBuildFileExceptionSet */ = {
			isa = PBXFileSystemSynchronizedBuildFileExceptionSet;
			membershipExceptions = (
				Info.plist,
				Resources/EmbedADB.sh,
			);
			target = 504711DA289023AE005BD174 /* Axchange */;
		};
/* End PBXFileSystemSynchronizedBuildFileExceptionSet section */

/* Begin PBXFileSystemSynchronizedRootGroup section */
		508852EE2EEF83C000893002 /* Axchange */ = {isa = PBXFileSystemSynchronizedRootGroup; exceptions = (5088533D2EEF83C100893002 /* PBXFileSystemSynchronizedBuildFileExceptionSet */, ); explicitFileTypes = {}; explicitFolders = (); path = Axchange; sourceTree = "<group>"; };
		508853442EEF86EE00893002 /* AxchangeTests */ = {isa = PBXFileSystemSynchronizedRootGroup; explicitFileTypes = {}; explicitFolders = (); path = AxchangeTests; sourceTree = "<group>"; };
/* End PBXFileSystemSynchronizedRootGroup section */

/* Begin PBXFrameworksBuildPhase section */
		504711D8289023AE005BD174 /* Frameworks */ = {
			isa = PBXFrameworksBuildPhase;
			buildActionMask = 2147483647;
			files = (
				505A0DB42CFD7981009E622B /* ConfettiSwiftUI in Frameworks */,
				504711F32890242E005BD174 /* AuxiliaryExecute in Frameworks */,
				504D5F992CD0C2EA00734B56 /* AuxiliaryExecute in Frameworks */,
				5002CBC72DD134D9002E7A53 /* CreemProxyKit in Frameworks */,
				5002CBC52DD134D9002E7A53 /* CreemKit in Frameworks */,
				503466702CFEB50800B41BE4 /* MarkdownUI in Frameworks */,
				504D5F9C2CD0C30500734B56 /* ColorfulX in Frameworks */,
				505A0DB12CFD78F1009E622B /* WindowAnimation in Frameworks */,
			);
			runOnlyForDeploymentPostprocessing = 0;
		};
		508853402EEF86EE00893002 /* Frameworks */ = {
			isa = PBXFrameworksBuildPhase;
			buildActionMask = 2147483647;
			files = (
			);
			runOnlyForDeploymentPostprocessing = 0;
		};
/* End PBXFrameworksBuildPhase section */

/* Begin PBXGroup section */
		504711D2289023AE005BD174 = {
			isa = PBXGroup;
			children = (
				508852EE2EEF83C000893002 /* Axchange */,
				508853442EEF86EE00893002 /* AxchangeTests */,
				504711DC289023AE005BD174 /* Products */,
				504711F12890242E005BD174 /* Frameworks */,
			);
			sourceTree = "<group>";
		};
		504711DC289023AE005BD174 /* Products */ = {
			isa = PBXGroup;
			children = (
				504711DB289023AE005BD174 /* Axchange.app */,
				508853432EEF86EE00893002 /* AxchangeTests.xctest */,
			);
			name = Products;
			sourceTree = "<group>";
		};
		504711F12890242E005BD174 /* Frameworks */ = {
			isa = PBXGroup;
			children = (
			);
			name = Frameworks;
			sourceTree = "<group>";
		};
/* End PBXGroup section */

/* Begin PBXNativeTarget section */
		504711DA289023AE005BD174 /* Axchange */ = {
			isa = PBXNativeTarget;
			buildConfigurationList = 504711EA289023AE005BD174 /* Build configuration list for PBXNativeTarget "Axchange" */;
			buildPhases = (
				504711D7289023AE005BD174 /* Sources */,
				504711D8289023AE005BD174 /* Frameworks */,
				504711D9289023AE005BD174 /* Resources */,
				504D5FA62CD0C71700734B56 /* Sign ADB */,
			);
			buildRules = (
			);
			dependencies = (
			);
			fileSystemSynchronizedGroups = (
				508852EE2EEF83C000893002 /* Axchange */,
			);
			name = Axchange;
			packageProductDependencies = (
				504711F22890242E005BD174 /* AuxiliaryExecute */,
				504D5F982CD0C2EA00734B56 /* AuxiliaryExecute */,
				504D5F9B2CD0C30500734B56 /* ColorfulX */,
				505A0DB02CFD78F1009E622B /* WindowAnimation */,
				505A0DB32CFD7981009E622B /* ConfettiSwiftUI */,
				5034666F2CFEB50800B41BE4 /* MarkdownUI */,
				5002CBC42DD134D9002E7A53 /* CreemKit */,
				5002CBC62DD134D9002E7A53 /* CreemProxyKit */,
			);
			productName = Axchange;
			productReference = 504711DB289023AE005BD174 /* Axchange.app */;
			productType = "com.apple.product-type.application";
		};
		508853422EEF86EE00893002 /* AxchangeTests */ = {
			isa = PBXNativeTarget;
			buildConfigurationList = 508853492EEF86EE00893002 /* Build configuration list for PBXNativeTarget "AxchangeTests" */;
			buildPhases = (
				5088533F2EEF86EE00893002 /* Sources */,
				508853402EEF86EE00893002 /* Frameworks */,
				508853412EEF86EE00893002 /* Resources */,
			);
			buildRules = (
			);
			dependencies = (
				508853482EEF86EE00893002 /* PBXTargetDependency */,
			);
			fileSystemSynchronizedGroups = (
				508853442EEF86EE00893002 /* AxchangeTests */,
			);
			name = AxchangeTests;
			packageProductDependencies = (
			);
			productName = AxchangeTests;
			productReference = 508853432EEF86EE00893002 /* AxchangeTests.xctest */;
			productType = "com.apple.product-type.bundle.unit-test";
		};
/* End PBXNativeTarget section */

/* Begin PBXProject section */
		504711D3289023AE005BD174 /* Project object */ = {
			isa = PBXProject;
			attributes = {
				BuildIndependentTargetsInParallel = 1;
				LastSwiftUpdateCheck = 2620;
				LastUpgradeCheck = 2620;
				TargetAttributes = {
					504711DA289023AE005BD174 = {
						CreatedOnToolsVersion = 13.4.1;
					};
					508853422EEF86EE00893002 = {
						CreatedOnToolsVersion = 26.2;
						TestTargetID = 504711DA289023AE005BD174;
					};
				};
			};
			buildConfigurationList = 504711D6289023AE005BD174 /* Build configuration list for PBXProject "Axchange" */;
			compatibilityVersion = "Xcode 13.0";
			developmentRegion = en;
			hasScannedForEncodings = 0;
			knownRegions = (
				en,
				Base,
				"zh-Hans",
				ja,
			);
			mainGroup = 504711D2289023AE005BD174;
			packageReferences = (
				504D5F972CD0C2EA00734B56 /* XCRemoteSwiftPackageReference "AuxiliaryExecute" */,
				504D5F9A2CD0C30500734B56 /* XCRemoteSwiftPackageReference "ColorfulX" */,
				505A0DAF2CFD78C2009E622B /* XCRemoteSwiftPackageReference "WindowAnimation" */,
				505A0DB22CFD7954009E622B /* XCRemoteSwiftPackageReference "ConfettiSwiftUI" */,
				5034666E2CFEB4AB00B41BE4 /* XCRemoteSwiftPackageReference "swift-markdown-ui" */,
				5002CBC32DD134D9002E7A53 /* XCRemoteSwiftPackageReference "CreemKit" */,
			);
			productRefGroup = 504711DC289023AE005BD174 /* Products */;
			projectDirPath = "";
			projectRoot = "";
			targets = (
				504711DA289023AE005BD174 /* Axchange */,
				508853422EEF86EE00893002 /* AxchangeTests */,
			);
		};
/* End PBXProject section */

/* Begin PBXResourcesBuildPhase section */
		504711D9289023AE005BD174 /* Resources */ = {
			isa = PBXResourcesBuildPhase;
			buildActionMask = 2147483647;
			files = (
			);
			runOnlyForDeploymentPostprocessing = 0;
		};
		508853412EEF86EE00893002 /* Resources */ = {
			isa = PBXResourcesBuildPhase;
			buildActionMask = 2147483647;
			files = (
			);
			runOnlyForDeploymentPostprocessing = 0;
		};
/* End PBXResourcesBuildPhase section */

/* Begin PBXShellScriptBuildPhase section */
		504D5FA62CD0C71700734B56 /* Sign ADB */ = {
			isa = PBXShellScriptBuildPhase;
			alwaysOutOfDate = 1;
			buildActionMask = 2147483647;
			files = (
			);
			inputFileListPaths = (
			);
			inputPaths = (
			);
			name = "Sign ADB";
			outputFileListPaths = (
			);
			outputPaths = (
			);
			runOnlyForDeploymentPostprocessing = 0;
			shellPath = /bin/sh;
			shellScript = "$PROJECT_DIR/Axchange/Resources/SignADB.sh\n$PROJECT_DIR/Axchange/Resources/EmbedADB.sh\n";
		};
/* End PBXShellScriptBuildPhase section */

/* Begin PBXSourcesBuildPhase section */
		504711D7289023AE005BD174 /* Sources */ = {
			isa = PBXSourcesBuildPhase;
			buildActionMask = 2147483647;
			files = (
			);
			runOnlyForDeploymentPostprocessing = 0;
		};
		5088533F2EEF86EE00893002 /* Sources */ = {
			isa = PBXSourcesBuildPhase;
			buildActionMask = 2147483647;
			files = (
			);
			runOnlyForDeploymentPostprocessing = 0;
		};
/* End PBXSourcesBuildPhase section */

/* Begin PBXTargetDependency section */
		508853482EEF86EE00893002 /* PBXTargetDependency */ = {
			isa = PBXTargetDependency;
			target = 504711DA289023AE005BD174 /* Axchange */;
			targetProxy = 508853472EEF86EE00893002 /* PBXContainerItemProxy */;
		};
/* End PBXTargetDependency section */

/* Begin XCBuildConfiguration section */
		504711E8289023AE005BD174 /* Debug */ = {
			isa = XCBuildConfiguration;
			buildSettings = {
				ALWAYS_SEARCH_USER_PATHS = NO;
				ASSETCATALOG_COMPILER_GENERATE_SWIFT_ASSET_SYMBOL_EXTENSIONS = YES;
				CLANG_ANALYZER_LOCALIZABILITY_NONLOCALIZED = YES;
				CLANG_ANALYZER_NONNULL = YES;
				CLANG_ANALYZER_NUMBER_OBJECT_CONVERSION = YES_AGGRESSIVE;
				CLANG_CXX_LANGUAGE_STANDARD = "gnu++17";
				CLANG_ENABLE_MODULES = YES;
				CLANG_ENABLE_OBJC_ARC = YES;
				CLANG_ENABLE_OBJC_WEAK = YES;
				CLANG_WARN_BLOCK_CAPTURE_AUTORELEASING = YES;
				CLANG_WARN_BOOL_CONVERSION = YES;
				CLANG_WARN_COMMA = YES;
				CLANG_WARN_CONSTANT_CONVERSION = YES;
				CLANG_WARN_DEPRECATED_OBJC_IMPLEMENTATIONS = YES;
				CLANG_WARN_DIRECT_OBJC_ISA_USAGE = YES_ERROR;
				CLANG_WARN_DOCUMENTATION_COMMENTS = YES;
				CLANG_WARN_EMPTY_BODY = YES;
				CLANG_WARN_ENUM_CONVERSION = YES;
				CLANG_WARN_INFINITE_RECURSION = YES;
				CLANG_WARN_INT_CONVERSION = YES;
				CLANG_WARN_NON_LITERAL_NULL_CONVERSION = YES;
				CLANG_WARN_OBJC_IMPLICIT_RETAIN_SELF = YES;
				CLANG_WARN_OBJC_LITERAL_CONVERSION = YES;
				CLANG_WARN_OBJC_ROOT_CLASS = YES_ERROR;
				CLANG_WARN_QUOTED_INCLUDE_IN_FRAMEWORK_HEADER = YES;
				CLANG_WARN_RANGE_LOOP_ANALYSIS = YES;
				CLANG_WARN_STRICT_PROTOTYPES = YES;
				CLANG_WARN_SUSPICIOUS_MOVE = YES;
				CLANG_WARN_UNGUARDED_AVAILABILITY = YES_AGGRESSIVE;
				CLANG_WARN_UNREACHABLE_CODE = YES;
				CLANG_WARN__DUPLICATE_METHOD_MATCH = YES;
				COPY_PHASE_STRIP = NO;
				DEAD_CODE_STRIPPING = YES;
				DEBUG_INFORMATION_FORMAT = dwarf;
				DEVELOPMENT_TEAM = 964G86XT2P;
				ENABLE_STRICT_OBJC_MSGSEND = YES;
				ENABLE_TESTABILITY = YES;
				ENABLE_USER_SCRIPT_SANDBOXING = YES;
				GCC_C_LANGUAGE_STANDARD = gnu11;
				GCC_DYNAMIC_NO_PIC = NO;
				GCC_NO_COMMON_BLOCKS = YES;
				GCC_OPTIMIZATION_LEVEL = 0;
				GCC_PREPROCESSOR_DEFINITIONS = (
					"DEBUG=1",
					"$(inherited)",
				);
				GCC_WARN_64_TO_32_BIT_CONVERSION = YES;
				GCC_WARN_ABOUT_RETURN_TYPE = YES_ERROR;
				GCC_WARN_UNDECLARED_SELECTOR = YES;
				GCC_WARN_UNINITIALIZED_AUTOS = YES_AGGRESSIVE;
				GCC_WARN_UNUSED_FUNCTION = YES;
				GCC_WARN_UNUSED_VARIABLE = YES;
				MACOSX_DEPLOYMENT_TARGET = 12.3;
				MTL_ENABLE_DEBUG_INFO = INCLUDE_SOURCE;
				MTL_FAST_MATH = YES;
				ONLY_ACTIVE_ARCH = YES;
				SDKROOT = macosx;
				STRING_CATALOG_GENERATE_SYMBOLS = YES;
				SWIFT_ACTIVE_COMPILATION_CONDITIONS = DEBUG;
				SWIFT_EMIT_LOC_STRINGS = YES;
				SWIFT_OPTIMIZATION_LEVEL = "-Onone";
			};
			name = Debug;
		};
		504711E9289023AE005BD174 /* Release */ = {
			isa = XCBuildConfiguration;
			buildSettings = {
				ALWAYS_SEARCH_USER_PATHS = NO;
				ASSETCATALOG_COMPILER_GENERATE_SWIFT_ASSET_SYMBOL_EXTENSIONS = YES;
				CLANG_ANALYZER_LOCALIZABILITY_NONLOCALIZED = YES;
				CLANG_ANALYZER_NONNULL = YES;
				CLANG_ANALYZER_NUMBER_OBJECT_CONVERSION = YES_AGGRESSIVE;
				CLANG_CXX_LANGUAGE_STANDARD = "gnu++17";
				CLANG_ENABLE_MODULES = YES;
				CLANG_ENABLE_OBJC_ARC = YES;
				CLANG_ENABLE_OBJC_WEAK = YES;
				CLANG_WARN_BLOCK_CAPTURE_AUTORELEASING = YES;
				CLANG_WARN_BOOL_CONVERSION = YES;
				CLANG_WARN_COMMA = YES;
				CLANG_WARN_CONSTANT_CONVERSION = YES;
				CLANG_WARN_DEPRECATED_OBJC_IMPLEMENTATIONS = YES;
				CLANG_WARN_DIRECT_OBJC_ISA_USAGE = YES_ERROR;
				CLANG_WARN_DOCUMENTATION_COMMENTS = YES;
				CLANG_WARN_EMPTY_BODY = YES;
				CLANG_WARN_ENUM_CONVERSION = YES;
				CLANG_WARN_INFINITE_RECURSION = YES;
				CLANG_WARN_INT_CONVERSION = YES;
				CLANG_WARN_NON_LITERAL_NULL_CONVERSION = YES;
				CLANG_WARN_OBJC_IMPLICIT_RETAIN_SELF = YES;
				CLANG_WARN_OBJC_LITERAL_CONVERSION = YES;
				CLANG_WARN_OBJC_ROOT_CLASS = YES_ERROR;
				CLANG_WARN_QUOTED_INCLUDE_IN_FRAMEWORK_HEADER = YES;
				CLANG_WARN_RANGE_LOOP_ANALYSIS = YES;
				CLANG_WARN_STRICT_PROTOTYPES = YES;
				CLANG_WARN_SUSPICIOUS_MOVE = YES;
				CLANG_WARN_UNGUARDED_AVAILABILITY = YES_AGGRESSIVE;
				CLANG_WARN_UNREACHABLE_CODE = YES;
				CLANG_WARN__DUPLICATE_METHOD_MATCH = YES;
				COPY_PHASE_STRIP = NO;
				DEAD_CODE_STRIPPING = YES;
				DEBUG_INFORMATION_FORMAT = "dwarf-with-dsym";
				DEVELOPMENT_TEAM = 964G86XT2P;
				ENABLE_NS_ASSERTIONS = NO;
				ENABLE_STRICT_OBJC_MSGSEND = YES;
				ENABLE_USER_SCRIPT_SANDBOXING = YES;
				GCC_C_LANGUAGE_STANDARD = gnu11;
				GCC_NO_COMMON_BLOCKS = YES;
				GCC_WARN_64_TO_32_BIT_CONVERSION = YES;
				GCC_WARN_ABOUT_RETURN_TYPE = YES_ERROR;
				GCC_WARN_UNDECLARED_SELECTOR = YES;
				GCC_WARN_UNINITIALIZED_AUTOS = YES_AGGRESSIVE;
				GCC_WARN_UNUSED_FUNCTION = YES;
				GCC_WARN_UNUSED_VARIABLE = YES;
				MACOSX_DEPLOYMENT_TARGET = 12.3;
				MTL_ENABLE_DEBUG_INFO = NO;
				MTL_FAST_MATH = YES;
				SDKROOT = macosx;
				STRING_CATALOG_GENERATE_SYMBOLS = YES;
				SWIFT_COMPILATION_MODE = wholemodule;
				SWIFT_EMIT_LOC_STRINGS = YES;
				SWIFT_OPTIMIZATION_LEVEL = "-O";
			};
			name = Release;
		};
		504711EB289023AE005BD174 /* Debug */ = {
			isa = XCBuildConfiguration;
			buildSettings = {
				ASSETCATALOG_COMPILER_APPICON_NAME = AppIcon;
				ASSETCATALOG_COMPILER_GLOBAL_ACCENT_COLOR_NAME = AccentColor;
				CODE_SIGN_ENTITLEMENTS = Axchange/Resources/Entitlements.entitlements;
				"CODE_SIGN_IDENTITY[sdk=macosx*]" = "-";
				CODE_SIGN_STYLE = Automatic;
				COMBINE_HIDPI_IMAGES = YES;
				CURRENT_PROJECT_VERSION = 57;
				DEAD_CODE_STRIPPING = YES;
				DEVELOPMENT_ASSET_PATHS = "";
				DEVELOPMENT_TEAM = "";
				ENABLE_APP_SANDBOX = YES;
				ENABLE_ENHANCED_SECURITY = YES;
				ENABLE_HARDENED_RUNTIME = YES;
				ENABLE_INCOMING_NETWORK_CONNECTIONS = YES;
				ENABLE_OUTGOING_NETWORK_CONNECTIONS = YES;
				ENABLE_POINTER_AUTHENTICATION = NO;
				ENABLE_PREVIEWS = YES;
				ENABLE_RESOURCE_ACCESS_USB = YES;
				ENABLE_USER_SCRIPT_SANDBOXING = NO;
				ENABLE_USER_SELECTED_FILES = readwrite;
				GENERATE_INFOPLIST_FILE = YES;
				INFOPLIST_FILE = Axchange/Info.plist;
				INFOPLIST_KEY_CFBundleDisplayName = Axchange;
				INFOPLIST_KEY_LSApplicationCategoryType = "public.app-category.developer-tools";
				INFOPLIST_KEY_NSHumanReadableCopyright = "Copyright © 2025 Lakr Aream. All Rights Reserved.";
				LD_RUNPATH_SEARCH_PATHS = (
					"$(inherited)",
					"@executable_path/../Frameworks",
				);
				MACOSX_DEPLOYMENT_TARGET = 13.0;
				MARKETING_VERSION = 1.8.1;
				PRODUCT_BUNDLE_IDENTIFIER = wiki.qaq.Axchange;
				PRODUCT_NAME = Axchange;
				SWIFT_EMIT_LOC_STRINGS = YES;
				SWIFT_VERSION = 5.0;
			};
			name = Debug;
		};
		504711EC289023AE005BD174 /* Release */ = {
			isa = XCBuildConfiguration;
			buildSettings = {
				ASSETCATALOG_COMPILER_APPICON_NAME = AppIcon;
				ASSETCATALOG_COMPILER_GLOBAL_ACCENT_COLOR_NAME = AccentColor;
				CODE_SIGN_ENTITLEMENTS = Axchange/Resources/Entitlements.entitlements;
				"CODE_SIGN_IDENTITY[sdk=macosx*]" = "-";
				CODE_SIGN_STYLE = Automatic;
				COMBINE_HIDPI_IMAGES = YES;
				CURRENT_PROJECT_VERSION = 57;
				DEAD_CODE_STRIPPING = YES;
				DEVELOPMENT_ASSET_PATHS = "";
				DEVELOPMENT_TEAM = "";
				ENABLE_APP_SANDBOX = YES;
				ENABLE_ENHANCED_SECURITY = YES;
				ENABLE_HARDENED_RUNTIME = YES;
				ENABLE_INCOMING_NETWORK_CONNECTIONS = YES;
				ENABLE_OUTGOING_NETWORK_CONNECTIONS = YES;
				ENABLE_POINTER_AUTHENTICATION = NO;
				ENABLE_PREVIEWS = YES;
				ENABLE_RESOURCE_ACCESS_USB = YES;
				ENABLE_USER_SCRIPT_SANDBOXING = NO;
				ENABLE_USER_SELECTED_FILES = readwrite;
				GENERATE_INFOPLIST_FILE = YES;
				INFOPLIST_FILE = Axchange/Info.plist;
				INFOPLIST_KEY_CFBundleDisplayName = Axchange;
				INFOPLIST_KEY_LSApplicationCategoryType = "public.app-category.developer-tools";
				INFOPLIST_KEY_NSHumanReadableCopyright = "Copyright © 2025 Lakr Aream. All Rights Reserved.";
				LD_RUNPATH_SEARCH_PATHS = (
					"$(inherited)",
					"@executable_path/../Frameworks",
				);
				MACOSX_DEPLOYMENT_TARGET = 13.0;
				MARKETING_VERSION = 1.8.1;
				PRODUCT_BUNDLE_IDENTIFIER = wiki.qaq.Axchange;
				PRODUCT_NAME = Axchange;
				SWIFT_EMIT_LOC_STRINGS = YES;
				SWIFT_VERSION = 5.0;
			};
			name = Release;
		};
		5088534A2EEF86EE00893002 /* Debug */ = {
			isa = XCBuildConfiguration;
			buildSettings = {
				BUNDLE_LOADER = "$(TEST_HOST)";
				CLANG_CXX_LANGUAGE_STANDARD = "gnu++20";
				CODE_SIGN_STYLE = Automatic;
				CURRENT_PROJECT_VERSION = 1;
				DEVELOPMENT_TEAM = 964G86XT2P;
				GCC_C_LANGUAGE_STANDARD = gnu17;
				GENERATE_INFOPLIST_FILE = YES;
				LOCALIZATION_PREFERS_STRING_CATALOGS = YES;
				MACOSX_DEPLOYMENT_TARGET = 26.2;
				MARKETING_VERSION = 1.0;
				PRODUCT_BUNDLE_IDENTIFIER = wiki.qaq.AxchangeTests;
				PRODUCT_NAME = "$(TARGET_NAME)";
				STRING_CATALOG_GENERATE_SYMBOLS = NO;
				SWIFT_ACTIVE_COMPILATION_CONDITIONS = "DEBUG $(inherited)";
				SWIFT_APPROACHABLE_CONCURRENCY = YES;
				SWIFT_EMIT_LOC_STRINGS = NO;
				SWIFT_UPCOMING_FEATURE_MEMBER_IMPORT_VISIBILITY = YES;
				SWIFT_VERSION = 5.0;
				TEST_HOST = "$(BUILT_PRODUCTS_DIR)/Axchange.app/$(BUNDLE_EXECUTABLE_FOLDER_PATH)/Axchange";
			};
			name = Debug;
		};
		5088534B2EEF86EE00893002 /* Release */ = {
			isa = XCBuildConfiguration;
			buildSettings = {
				BUNDLE_LOADER = "$(TEST_HOST)";
				CLANG_CXX_LANGUAGE_STANDARD = "gnu++20";
				CODE_SIGN_STYLE = Automatic;
				CURRENT_PROJECT_VERSION = 1;
				DEVELOPMENT_TEAM = 964G86XT2P;
				GCC_C_LANGUAGE_STANDARD = gnu17;
				GENERATE_INFOPLIST_FILE = YES;
				LOCALIZATION_PREFERS_STRING_CATALOGS = YES;
				MACOSX_DEPLOYMENT_TARGET = 26.2;
				MARKETING_VERSION = 1.0;
				PRODUCT_BUNDLE_IDENTIFIER = wiki.qaq.AxchangeTests;
				PRODUCT_NAME = "$(TARGET_NAME)";
				STRING_CATALOG_GENERATE_SYMBOLS = NO;
				SWIFT_APPROACHABLE_CONCURRENCY = YES;
				SWIFT_EMIT_LOC_STRINGS = NO;
				SWIFT_UPCOMING_FEATURE_MEMBER_IMPORT_VISIBILITY = YES;
				SWIFT_VERSION = 5.0;
				TEST_HOST = "$(BUILT_PRODUCTS_DIR)/Axchange.app/$(BUNDLE_EXECUTABLE_FOLDER_PATH)/Axchange";
			};
			name = Release;
		};
/* End XCBuildConfiguration section */

/* Begin XCConfigurationList section */
		504711D6289023AE005BD174 /* Build configuration list for PBXProject "Axchange" */ = {
			isa = XCConfigurationList;
			buildConfigurations = (
				504711E8289023AE005BD174 /* Debug */,
				504711E9289023AE005BD174 /* Release */,
			);
			defaultConfigurationIsVisible = 0;
			defaultConfigurationName = Release;
		};
		504711EA289023AE005BD174 /* Build configuration list for PBXNativeTarget "Axchange" */ = {
			isa = XCConfigurationList;
			buildConfigurations = (
				504711EB289023AE005BD174 /* Debug */,
				504711EC289023AE005BD174 /* Release */,
			);
			defaultConfigurationIsVisible = 0;
			defaultConfigurationName = Release;
		};
		508853492EEF86EE00893002 /* Build configuration list for PBXNativeTarget "AxchangeTests" */ = {
			isa = XCConfigurationList;
			buildConfigurations = (
				5088534A2EEF86EE00893002 /* Debug */,
				5088534B2EEF86EE00893002 /* Release */,
			);
			defaultConfigurationIsVisible = 0;
			defaultConfigurationName = Release;
		};
/* End XCConfigurationList section */

/* Begin XCRemoteSwiftPackageReference section */
		5002CBC32DD134D9002E7A53 /* XCRemoteSwiftPackageReference "CreemKit" */ = {
			isa = XCRemoteSwiftPackageReference;
			repositoryURL = "https://github.com/Lakr233/CreemKit";
			requirement = {
				kind = upToNextMajorVersion;
				minimumVersion = 0.2.0;
			};
		};
		5034666E2CFEB4AB00B41BE4 /* XCRemoteSwiftPackageReference "swift-markdown-ui" */ = {
			isa = XCRemoteSwiftPackageReference;
			repositoryURL = "https://github.com/gonzalezreal/swift-markdown-ui";
			requirement = {
				kind = upToNextMajorVersion;
				minimumVersion = 2.4.1;
			};
		};
		504D5F972CD0C2EA00734B56 /* XCRemoteSwiftPackageReference "AuxiliaryExecute" */ = {
			isa = XCRemoteSwiftPackageReference;
			repositoryURL = "https://github.com/Lakr233/AuxiliaryExecute";
			requirement = {
				kind = upToNextMajorVersion;
				minimumVersion = 2.1.0;
			};
		};
		504D5F9A2CD0C30500734B56 /* XCRemoteSwiftPackageReference "ColorfulX" */ = {
			isa = XCRemoteSwiftPackageReference;
			repositoryURL = "https://github.com/Lakr233/ColorfulX";
			requirement = {
				kind = upToNextMajorVersion;
				minimumVersion = 6.0.2;
			};
		};
		505A0DAF2CFD78C2009E622B /* XCRemoteSwiftPackageReference "WindowAnimation" */ = {
			isa = XCRemoteSwiftPackageReference;
			repositoryURL = "https://github.com/Lakr233/WindowAnimation";
			requirement = {
				kind = upToNextMajorVersion;
				minimumVersion = 1.0.5;
			};
		};
		505A0DB22CFD7954009E622B /* XCRemoteSwiftPackageReference "ConfettiSwiftUI" */ = {
			isa = XCRemoteSwiftPackageReference;
			repositoryURL = "https://github.com/simibac/ConfettiSwiftUI";
			requirement = {
				kind = upToNextMajorVersion;
				minimumVersion = 1.1.0;
			};
		};
/* End XCRemoteSwiftPackageReference section */

/* Begin XCSwiftPackageProductDependency section */
		5002CBC42DD134D9002E7A53 /* CreemKit */ = {
			isa = XCSwiftPackageProductDependency;
			package = 5002CBC32DD134D9002E7A53 /* XCRemoteSwiftPackageReference "CreemKit" */;
			productName = CreemKit;
		};
		5002CBC62DD134D9002E7A53 /* CreemProxyKit */ = {
			isa = XCSwiftPackageProductDependency;
			package = 5002CBC32DD134D9002E7A53 /* XCRemoteSwiftPackageReference "CreemKit" */;
			productName = CreemProxyKit;
		};
		5034666F2CFEB50800B41BE4 /* MarkdownUI */ = {
			isa = XCSwiftPackageProductDependency;
			package = 5034666E2CFEB4AB00B41BE4 /* XCRemoteSwiftPackageReference "swift-markdown-ui" */;
			productName = MarkdownUI;
		};
		504711F22890242E005BD174 /* AuxiliaryExecute */ = {
			isa = XCSwiftPackageProductDependency;
			productName = AuxiliaryExecute;
		};
		504D5F982CD0C2EA00734B56 /* AuxiliaryExecute */ = {
			isa = XCSwiftPackageProductDependency;
			package = 504D5F972CD0C2EA00734B56 /* XCRemoteSwiftPackageReference "AuxiliaryExecute" */;
			productName = AuxiliaryExecute;
		};
		504D5F9B2CD0C30500734B56 /* ColorfulX */ = {
			isa = XCSwiftPackageProductDependency;
			package = 504D5F9A2CD0C30500734B56 /* XCRemoteSwiftPackageReference "ColorfulX" */;
			productName = ColorfulX;
		};
		505A0DB02CFD78F1009E622B /* WindowAnimation */ = {
			isa = XCSwiftPackageProductDependency;
			package = 505A0DAF2CFD78C2009E622B /* XCRemoteSwiftPackageReference "WindowAnimation" */;
			productName = WindowAnimation;
		};
		505A0DB32CFD7981009E622B /* ConfettiSwiftUI */ = {
			isa = XCSwiftPackageProductDependency;
			package = 505A0DB22CFD7954009E622B /* XCRemoteSwiftPackageReference "ConfettiSwiftUI" */;
			productName = ConfettiSwiftUI;
		};
/* End XCSwiftPackageProductDependency section */
	};
	rootObject = 504711D3289023AE005BD174 /* Project object */;
}
