{
  "originHash" : "e0a3b9af42bc098b177f300a28714a905a53e565ec3f718808a5081c66513bed",
  "pins" : [
    {
      "identity" : "auxiliaryexecute",
      "kind" : "remoteSourceControl",
      "location" : "https://github.com/Lakr233/AuxiliaryExecute",
      "state" : {
        "revision" : "7fb043c2d18ef947c23537f43be26f92e837d1af",
        "version" : "2.1.0"
      }
    },
    {
      "identity" : "colorfulx",
      "kind" : "remoteSourceControl",
      "location" : "https://github.com/Lakr233/ColorfulX",
      "state" : {
        "revision" : "2f008fcffc7f23811b2ba70eda77c57223815bc3",
        "version" : "6.0.2"
      }
    },
    {
      "identity" : "colorvector",
      "kind" : "remoteSourceControl",
      "location" : "https://github.com/Lakr233/ColorVector.git",
      "state" : {
        "revision" : "6da8726bf38d68eb943d0f2139ac2a1fac70e65b",
        "version" : "1.0.4"
      }
    },
    {
      "identity" : "msdisplaylink",
      "kind" : "remoteSourceControl",
      "location" : "https://github.com/Lakr233/MSDisplayLink.git",
      "state" : {
        "revision" : "ebf5823cb5fc1326639d9a05bc06d16bbe82989f",
        "version" : "2.0.8"
      }
    },
    {
      "identity" : "springinterpolation",
      "kind" : "remoteSourceControl",
      "location" : "https://github.com/Lakr233/SpringInterpolation.git",
      "state" : {
        "revision" : "cdb556516daa9b43c16aae9436dd39e19ff930fd",
        "version" : "1.4.0"
      }
    }
  ],
  "version" : 3
}
