{
  "originHash" : "ae7a165ba79b64b04f18598174a02cca5e2e7c50c9c34407ed613af43984b7ac",
  "pins" : [
    {
      "identity" : "auxiliaryexecute",
      "kind" : "remoteSourceControl",
      "location" : "https://github.com/Lakr233/AuxiliaryExecute",
      "state" : {
        "revision" : "7fb043c2d18ef947c23537f43be26f92e837d1af",
        "version" : "2.1.0"
      }
    },
    {
      "identity" : "colorfulx",
      "kind" : "remoteSourceControl",
      "location" : "https://github.com/Lakr233/ColorfulX",
      "state" : {
        "revision" : "2f008fcffc7f23811b2ba70eda77c57223815bc3",
        "version" : "6.0.2"
      }
    },
    {
      "identity" : "colorvector",
      "kind" : "remoteSourceControl",
      "location" : "https://github.com/Lakr233/ColorVector.git",
      "state" : {
        "revision" : "6da8726bf38d68eb943d0f2139ac2a1fac70e65b",
        "version" : "1.0.4"
      }
    },
    {
      "identity" : "confettiswiftui",
      "kind" : "remoteSourceControl",
      "location" : "https://github.com/simibac/ConfettiSwiftUI",
      "state" : {
        "revision" : "f45961f97bbae6fff6e2e64546fea0189425ad92",
        "version" : "1.1.0"
      }
    },
    {
      "identity" : "creemkit",
      "kind" : "remoteSourceControl",
      "location" : "https://github.com/Lakr233/CreemKit",
      "state" : {
        "revision" : "780bef7671194d8974ca5e7790cf668051560e5e",
        "version" : "0.2.2"
      }
    },
    {
      "identity" : "msdisplaylink",
      "kind" : "remoteSourceControl",
      "location" : "https://github.com/Lakr233/MSDisplayLink.git",
      "state" : {
        "revision" : "ebf5823cb5fc1326639d9a05bc06d16bbe82989f",
        "version" : "2.0.8"
      }
    },
    {
      "identity" : "networkimage",
      "kind" : "remoteSourceControl",
      "location" : "https://github.com/gonzalezreal/NetworkImage",
      "state" : {
        "revision" : "2849f5323265386e200484b0d0f896e73c3411b9",
        "version" : "6.0.1"
      }
    },
    {
      "identity" : "springinterpolation",
      "kind" : "remoteSourceControl",
      "location" : "https://github.com/Lakr233/SpringInterpolation.git",
      "state" : {
        "revision" : "cdb556516daa9b43c16aae9436dd39e19ff930fd",
        "version" : "1.4.0"
      }
    },
    {
      "identity" : "swift-cmark",
      "kind" : "remoteSourceControl",
      "location" : "https://github.com/swiftlang/swift-cmark",
      "state" : {
        "revision" : "5d9bdaa4228b381639fff09403e39a04926e2dbe",
        "version" : "0.7.1"
      }
    },
    {
      "identity" : "swift-markdown-ui",
      "kind" : "remoteSourceControl",
      "location" : "https://github.com/gonzalezreal/swift-markdown-ui",
      "state" : {
        "revision" : "5f613358148239d0292c0cef674a3c2314737f9e",
        "version" : "2.4.1"
      }
    },
    {
      "identity" : "windowanimation",
      "kind" : "remoteSourceControl",
      "location" : "https://github.com/Lakr233/WindowAnimation",
      "state" : {
        "revision" : "c214407f194a3af929bbfbcdb20efba0de0799ee",
        "version" : "1.1.0"
      }
    }
  ],
  "version" : 3
}
